
Microsoft Visual Studio Solution File, Format Version 12.00
# Visual Studio 15
VisualStudioVersion = 15.0.28307.329
MinimumVisualStudioVersion = 10.0.40219.1
Project("{FAE04EC0-301F-11D3-BF4B-00C04F79EFBC}") = "WordInForm", "WordInForm\WordInForm.csproj", "{35518EF9-5C45-45DC-9402-969265BD870A}"
EndProject
Global
	GlobalSection(SolutionConfigurationPlatforms) = preSolution
		Debug|Any CPU = Debug|Any CPU
		Release|Any CPU = Release|Any CPU
	EndGlobalSection
	GlobalSection(ProjectConfigurationPlatforms) = postSolution
		{35518EF9-5C45-45DC-9402-969265BD870A}.Debug|Any CPU.ActiveCfg = Debug|Any CPU
		{35518EF9-5C45-45DC-9402-969265BD870A}.Debug|Any CPU.Build.0 = Debug|Any CPU
		{35518EF9-5C45-45DC-9402-969265BD870A}.Release|Any CPU.ActiveCfg = Release|Any CPU
		{35518EF9-5C45-45DC-9402-969265BD870A}.Release|Any CPU.Build.0 = Release|Any CPU
	EndGlobalSection
	GlobalSection(SolutionProperties) = preSolution
		HideSolutionNode = FALSE
	EndGlobalSection
	GlobalSection(ExtensibilityGlobals) = postSolution
		SolutionGuid = {B8FBF119-570C-4AAB-A353-08D974D17B82}
	EndGlobalSection
EndGlobal
